
Microsoft Visual Studio Solution File, Format Version 12.00
# Visual Studio Version 17
VisualStudioVersion = 17.3.32519.111
MinimumVisualStudioVersion = 10.0.40219.1
Project("{9A19103F-16F7-4668-BE54-9A1E7A4F7556}") = "CarHouse.Database", "CarHouse.Database\CarHouse.Database.csproj", "{899F7670-6CD7-42A9-B38D-D5CBB7DD2E8F}"
EndProject
Project("{FAE04EC0-301F-11D3-BF4B-00C04F79EFBC}") = "CarHouse.Web", "CarHouse.Web\CarHouse.Web.csproj", "{597D5975-AA92-4096-87C6-4E1B01F29C66}"
EndProject
Global
	GlobalSection(SolutionConfigurationPlatforms) = preSolution
		Debug|Any CPU = Debug|Any CPU
		Release|Any CPU = Release|Any CPU
	EndGlobalSection
	GlobalSection(ProjectConfigurationPlatforms) = postSolution
		{899F7670-6CD7-42A9-B38D-D5CBB7DD2E8F}.Debug|Any CPU.ActiveCfg = Debug|Any CPU
		{899F7670-6CD7-42A9-B38D-D5CBB7DD2E8F}.Debug|Any CPU.Build.0 = Debug|Any CPU
		{899F7670-6CD7-42A9-B38D-D5CBB7DD2E8F}.Release|Any CPU.ActiveCfg = Release|Any CPU
		{899F7670-6CD7-42A9-B38D-D5CBB7DD2E8F}.Release|Any CPU.Build.0 = Release|Any CPU
		{597D5975-AA92-4096-87C6-4E1B01F29C66}.Debug|Any CPU.ActiveCfg = Debug|Any CPU
		{597D5975-AA92-4096-87C6-4E1B01F29C66}.Debug|Any CPU.Build.0 = Debug|Any CPU
		{597D5975-AA92-4096-87C6-4E1B01F29C66}.Release|Any CPU.ActiveCfg = Release|Any CPU
		{597D5975-AA92-4096-87C6-4E1B01F29C66}.Release|Any CPU.Build.0 = Release|Any CPU
	EndGlobalSection
	GlobalSection(SolutionProperties) = preSolution
		HideSolutionNode = FALSE
	EndGlobalSection
	GlobalSection(ExtensibilityGlobals) = postSolution
		SolutionGuid = {69547731-8D78-40DB-973B-6C7B73EBE963}
	EndGlobalSection
EndGlobal
